{
  "R": {
    "Version": "4.1.1",
    "Repositories": [
      {
        "Name": "CRAN",
        "URL": "https://cran.rstudio.com"
      }
    ]
  },
  "Packages": {
    "renv": {
      "Package": "renv",
      "Version": "0.15.3",
      "Source": "Repository",
      "Repository": "CRAN",
      "Hash": "318c703b833089e1bc0c6a198362ca19",
      "Requirements": []
    }
  }
}
